
Microsoft Visual Studio Solution File, Format Version 12.00
# Visual Studio Version 16
VisualStudioVersion = 16.0.29123.88
MinimumVisualStudioVersion = 10.0.40219.1
Project("{FAE04EC0-301F-11D3-BF4B-00C04F79EFBC}") = "Продавница-II-kol", "Продавница-II-kol\Продавница-II-kol.csproj", "{081C3DE8-BF8E-48D7-A556-DB52F134C642}"
EndProject
Global
	GlobalSection(SolutionConfigurationPlatforms) = preSolution
		Debug|Any CPU = Debug|Any CPU
		Release|Any CPU = Release|Any CPU
	EndGlobalSection
	GlobalSection(ProjectConfigurationPlatforms) = postSolution
		{081C3DE8-BF8E-48D7-A556-DB52F134C642}.Debug|Any CPU.ActiveCfg = Debug|Any CPU
		{081C3DE8-BF8E-48D7-A556-DB52F134C642}.Debug|Any CPU.Build.0 = Debug|Any CPU
		{081C3DE8-BF8E-48D7-A556-DB52F134C642}.Release|Any CPU.ActiveCfg = Release|Any CPU
		{081C3DE8-BF8E-48D7-A556-DB52F134C642}.Release|Any CPU.Build.0 = Release|Any CPU
	EndGlobalSection
	GlobalSection(SolutionProperties) = preSolution
		HideSolutionNode = FALSE
	EndGlobalSection
	GlobalSection(ExtensibilityGlobals) = postSolution
		SolutionGuid = {4D4CFF32-758B-40CE-BBDD-3037DA18D1A2}
	EndGlobalSection
EndGlobal
